Microsoft Visual Studio Solution File, Format Version 12.00
# Visual Studio Version 18
VisualStudioVersion = 18.9.12112.369 stable
MinimumVisualStudioVersion = 10.0.40219.1
Project("{2150E333-8FDC-42A3-9474-1A3956D46DE8}") = "test", "test", "{E4089551-AF4E-41B3-A6F8-2501A3BE0E0C}"
EndProject
Project("{2150E333-8FDC-42A3-9474-1A3956D46DE8}") = "example", "example", "{64C3D7D1-67B8-4070-AE67-C71B761535CC}"
EndProject
Project("{9A19103F-16F7-4668-BE54-9A1E7A4F7556}") = "EntityFrameworkCore.Crypto.DataEncryption.Test", "test\EntityFrameworkCore.Crypto.DataEncryption.Test\EntityFrameworkCore.Crypto.DataEncryption.Test.csproj", "{93499236-B587-4E46-ABFC-FD7DAB6BD38F}"
EndProject
Project("{9A19103F-16F7-4668-BE54-9A1E7A4F7556}") = "AesCryptoSample", "Example\CryptoAesSample\AesCryptoSample.csproj", "{D8A157C1-FD2A-46AD-8457-A242CF8EA316}"
EndProject
Project("{9A19103F-16F7-4668-BE54-9A1E7A4F7556}") = "EntityFrameworkCore.Crypto.DataEncryption.Benchmarks", "benchmarks\EntityFrameworkCore.Crypto.DataEncryption.Benchmarks\EntityFrameworkCore.Crypto.DataEncryption.Benchmarks.csproj", "{5E8D2F73-9A41-4C6B-8E25-3B7F9D14C6A2}"
EndProject
Project("{9A19103F-16F7-4668-BE54-9A1E7A4F7556}") = "DataEncryptionShowcase", "Example\DataEncryptionShowcase\DataEncryptionShowcase.csproj", "{A1C93478-4D21-4E7B-8B35-2F01E8D9C1A4}"
EndProject
Project("{9A19103F-16F7-4668-BE54-9A1E7A4F7556}") = "DataEncryptionWebApi", "Example\DataEncryptionWebApi\DataEncryptionWebApi.csproj", "{B3E81742-1C2A-4F9D-9D7E-8A3F19284712}"
EndProject
Global
	GlobalSection(SolutionConfigurationPlatforms) = preSolution
		Debug|Any CPU = Debug|Any CPU
		Release|Any CPU = Release|Any CPU
	EndGlobalSection
	GlobalSection(ProjectConfigurationPlatforms) = postSolution
		{93499236-B587-4E46-ABFC-FD7DAB6BD38F}.Debug|Any CPU.ActiveCfg = Debug|Any CPU
		{93499236-B587-4E46-ABFC-FD7DAB6BD38F}.Debug|Any CPU.Build.0 = Debug|Any CPU
		{93499236-B587-4E46-ABFC-FD7DAB6BD38F}.Release|Any CPU.ActiveCfg = Release|Any CPU
		{93499236-B587-4E46-ABFC-FD7DAB6BD38F}.Release|Any CPU.Build.0 = Release|Any CPU
		{D8A157C1-FD2A-46AD-8457-A242CF8EA316}.Debug|Any CPU.ActiveCfg = Debug|Any CPU
		{D8A157C1-FD2A-46AD-8457-A242CF8EA316}.Debug|Any CPU.Build.0 = Debug|Any CPU
		{D8A157C1-FD2A-46AD-8457-A242CF8EA316}.Release|Any CPU.ActiveCfg = Release|Any CPU
		{D8A157C1-FD2A-46AD-8457-A242CF8EA316}.Release|Any CPU.Build.0 = Release|Any CPU
		{5E8D2F73-9A41-4C6B-8E25-3B7F9D14C6A2}.Debug|Any CPU.ActiveCfg = Debug|Any CPU
		{5E8D2F73-9A41-4C6B-8E25-3B7F9D14C6A2}.Debug|Any CPU.Build.0 = Debug|Any CPU
		{5E8D2F73-9A41-4C6B-8E25-3B7F9D14C6A2}.Release|Any CPU.ActiveCfg = Release|Any CPU
		{5E8D2F73-9A41-4C6B-8E25-3B7F9D14C6A2}.Release|Any CPU.Build.0 = Release|Any CPU
		{A1C93478-4D21-4E7B-8B35-2F01E8D9C1A4}.Debug|Any CPU.ActiveCfg = Debug|Any CPU
		{A1C93478-4D21-4E7B-8B35-2F01E8D9C1A4}.Debug|Any CPU.Build.0 = Debug|Any CPU
		{A1C93478-4D21-4E7B-8B35-2F01E8D9C1A4}.Release|Any CPU.ActiveCfg = Release|Any CPU
		{A1C93478-4D21-4E7B-8B35-2F01E8D9C1A4}.Release|Any CPU.Build.0 = Release|Any CPU
		{B3E81742-1C2A-4F9D-9D7E-8A3F19284712}.Debug|Any CPU.ActiveCfg = Debug|Any CPU
		{B3E81742-1C2A-4F9D-9D7E-8A3F19284712}.Debug|Any CPU.Build.0 = Debug|Any CPU
		{B3E81742-1C2A-4F9D-9D7E-8A3F19284712}.Release|Any CPU.ActiveCfg = Release|Any CPU
		{B3E81742-1C2A-4F9D-9D7E-8A3F19284712}.Release|Any CPU.Build.0 = Release|Any CPU
	EndGlobalSection
	GlobalSection(SolutionProperties) = preSolution
		HideSolutionNode = FALSE
	EndGlobalSection
	GlobalSection(NestedProjects) = preSolution
		{93499236-B587-4E46-ABFC-FD7DAB6BD38F} = {E4089551-AF4E-41B3-A6F8-2501A3BE0E0C}
		{D8A157C1-FD2A-46AD-8457-A242CF8EA316} = {64C3D7D1-67B8-4070-AE67-C71B761535CC}
		{A1C93478-4D21-4E7B-8B35-2F01E8D9C1A4} = {64C3D7D1-67B8-4070-AE67-C71B761535CC}
		{B3E81742-1C2A-4F9D-9D7E-8A3F19284712} = {64C3D7D1-67B8-4070-AE67-C71B761535CC}
	EndGlobalSection
	GlobalSection(ExtensibilityGlobals) = postSolution
		SolutionGuid = {4997BAE9-29BF-4D79-AE5E-5605E7A0F049}
	EndGlobalSection
EndGlobal
